
Microsoft Visual Studio Solution File, Format Version 12.00
# Visual Studio Version 17
VisualStudioVersion = 17.0.31903.59
MinimumVisualStudioVersion = 10.0.40219.1
Project("{2150E333-8FDC-42A3-9474-1A3956D46DE8}") = "domain", "domain", "{4D9DABCA-92DC-403B-B2F1-2D49BE0F6F47}"
EndProject
Project("{9A19103F-16F7-4668-BE54-9A1E7A4F7556}") = "EnglishLearning", "domain\EnglishLearning\EnglishLearning.csproj", "{27B35417-3A01-4F3F-A762-4424200F8710}"
EndProject
Project("{2150E333-8FDC-42A3-9474-1A3956D46DE8}") = "infrastructure", "infrastructure", "{456BF257-661E-4D30-9F54-A0290083BD98}"
EndProject
Project("{9A19103F-16F7-4668-BE54-9A1E7A4F7556}") = "EnglishLearning.Memory", "infrastructure\EnglishLearning.Memory\EnglishLearning.Memory.csproj", "{DD604EEB-E996-4F4E-B803-F34279EB2362}"
EndProject
Project("{2150E333-8FDC-42A3-9474-1A3956D46DE8}") = "presentation", "presentation", "{133E717F-A36D-4C98-812D-F49EE5DB2853}"
EndProject
Project("{FAE04EC0-301F-11D3-BF4B-00C04F79EFBC}") = "EnglishLearning.App", "presentation\EnglishLearning.App\EnglishLearning.App.csproj", "{FC79E254-BC19-4289-9C18-7A2F0EC7BB88}"
EndProject
Global
	GlobalSection(SolutionConfigurationPlatforms) = preSolution
		Debug|Any CPU = Debug|Any CPU
		Release|Any CPU = Release|Any CPU
	EndGlobalSection
	GlobalSection(ProjectConfigurationPlatforms) = postSolution
		{27B35417-3A01-4F3F-A762-4424200F8710}.Debug|Any CPU.ActiveCfg = Debug|Any CPU
		{27B35417-3A01-4F3F-A762-4424200F8710}.Debug|Any CPU.Build.0 = Debug|Any CPU
		{27B35417-3A01-4F3F-A762-4424200F8710}.Release|Any CPU.ActiveCfg = Release|Any CPU
		{27B35417-3A01-4F3F-A762-4424200F8710}.Release|Any CPU.Build.0 = Release|Any CPU
		{DD604EEB-E996-4F4E-B803-F34279EB2362}.Debug|Any CPU.ActiveCfg = Debug|Any CPU
		{DD604EEB-E996-4F4E-B803-F34279EB2362}.Debug|Any CPU.Build.0 = Debug|Any CPU
		{DD604EEB-E996-4F4E-B803-F34279EB2362}.Release|Any CPU.ActiveCfg = Release|Any CPU
		{DD604EEB-E996-4F4E-B803-F34279EB2362}.Release|Any CPU.Build.0 = Release|Any CPU
		{FC79E254-BC19-4289-9C18-7A2F0EC7BB88}.Debug|Any CPU.ActiveCfg = Debug|Any CPU
		{FC79E254-BC19-4289-9C18-7A2F0EC7BB88}.Debug|Any CPU.Build.0 = Debug|Any CPU
		{FC79E254-BC19-4289-9C18-7A2F0EC7BB88}.Release|Any CPU.ActiveCfg = Release|Any CPU
		{FC79E254-BC19-4289-9C18-7A2F0EC7BB88}.Release|Any CPU.Build.0 = Release|Any CPU
	EndGlobalSection
	GlobalSection(SolutionProperties) = preSolution
		HideSolutionNode = FALSE
	EndGlobalSection
	GlobalSection(NestedProjects) = preSolution
		{27B35417-3A01-4F3F-A762-4424200F8710} = {4D9DABCA-92DC-403B-B2F1-2D49BE0F6F47}
		{DD604EEB-E996-4F4E-B803-F34279EB2362} = {456BF257-661E-4D30-9F54-A0290083BD98}
		{FC79E254-BC19-4289-9C18-7A2F0EC7BB88} = {133E717F-A36D-4C98-812D-F49EE5DB2853}
	EndGlobalSection
	GlobalSection(ExtensibilityGlobals) = postSolution
		SolutionGuid = {6E5CCFC3-5638-4D93-83BB-91058AF14AA2}
	EndGlobalSection
EndGlobal
